// !$*UTF8*$!
{
	archiveVersion = 1;
	classes = {
	};
	objectVersion = 56;
	objects = {

/* Begin PBXBuildFile section */
		38D2F261DA21313821A95B6F /* Pods_Neobis_IOS_auth.framework in Frameworks */ = {isa = PBXBuildFile; fileRef = 6AFDA46534CBE5CDFE9F7D26 /* Pods_Neobis_IOS_auth.framework */; };
		DD8A678C2B2596E1001EB67D /* Model.swift in Sources */ = {isa = PBXBuildFile; fileRef = DD8A678B2B2596E1001EB67D /* Model.swift */; };
		DD8A678E2B25A9BD001EB67D /* RegisterViewModel.swift in Sources */ = {isa = PBXBuildFile; fileRef = DD8A678D2B25A9BD001EB67D /* RegisterViewModel.swift */; };
		DD8A67912B25C3D5001EB67D /* LoginViewModel.swift in Sources */ = {isa = PBXBuildFile; fileRef = DD8A67902B25C3D5001EB67D /* LoginViewModel.swift */; };
		DDDCEFAA2B1BD224007CD8C9 /* AppDelegate.swift in Sources */ = {isa = PBXBuildFile; fileRef = DDDCEFA92B1BD224007CD8C9 /* AppDelegate.swift */; };
		DDDCEFAC2B1BD224007CD8C9 /* SceneDelegate.swift in Sources */ = {isa = PBXBuildFile; fileRef = DDDCEFAB2B1BD224007CD8C9 /* SceneDelegate.swift */; };
		DDDCEFAE2B1BD224007CD8C9 /* LoginViewController.swift in Sources */ = {isa = PBXBuildFile; fileRef = DDDCEFAD2B1BD224007CD8C9 /* LoginViewController.swift */; };
		DDDCEFB32B1BD227007CD8C9 /* Assets.xcassets in Resources */ = {isa = PBXBuildFile; fileRef = DDDCEFB22B1BD227007CD8C9 /* Assets.xcassets */; };
		DDDCEFB62B1BD227007CD8C9 /* LaunchScreen.storyboard in Resources */ = {isa = PBXBuildFile; fileRef = DDDCEFB42B1BD227007CD8C9 /* LaunchScreen.storyboard */; };
		DDDCEFBF2B1BD687007CD8C9 /* CustomButton.swift in Sources */ = {isa = PBXBuildFile; fileRef = DDDCEFBE2B1BD687007CD8C9 /* CustomButton.swift */; };
		DDDCEFC32B1C5207007CD8C9 /* CustomTextField.swift in Sources */ = {isa = PBXBuildFile; fileRef = DDDCEFC22B1C5207007CD8C9 /* CustomTextField.swift */; };
		DDDCEFCB2B1C55C6007CD8C9 /* MPLUS1p-Black.ttf in Resources */ = {isa = PBXBuildFile; fileRef = DDDCEFC52B1C55C5007CD8C9 /* MPLUS1p-Black.ttf */; };
		DDDCEFCC2B1C55C6007CD8C9 /* MPLUS1p-Bold.ttf in Resources */ = {isa = PBXBuildFile; fileRef = DDDCEFC62B1C55C5007CD8C9 /* MPLUS1p-Bold.ttf */; };
		DDDCEFCD2B1C55C6007CD8C9 /* MPLUS1p-Light.ttf in Resources */ = {isa = PBXBuildFile; fileRef = DDDCEFC72B1C55C5007CD8C9 /* MPLUS1p-Light.ttf */; };
		DDDCEFCE2B1C55C6007CD8C9 /* MPLUS1p-Regular.ttf in Resources */ = {isa = PBXBuildFile; fileRef = DDDCEFC82B1C55C6007CD8C9 /* MPLUS1p-Regular.ttf */; };
		DDDCEFCF2B1C55C6007CD8C9 /* MPLUS1p-Medium.ttf in Resources */ = {isa = PBXBuildFile; fileRef = DDDCEFC92B1C55C6007CD8C9 /* MPLUS1p-Medium.ttf */; };
		DDDCEFD02B1C55C6007CD8C9 /* MPLUS1p-ExtraBold.ttf in Resources */ = {isa = PBXBuildFile; fileRef = DDDCEFCA2B1C55C6007CD8C9 /* MPLUS1p-ExtraBold.ttf */; };
		DDDCEFD22B1C55CF007CD8C9 /* MPLUS1p-Thin.ttf in Resources */ = {isa = PBXBuildFile; fileRef = DDDCEFD12B1C55CF007CD8C9 /* MPLUS1p-Thin.ttf */; };
		DDDCEFD42B1C56D4007CD8C9 /* LoginView.swift in Sources */ = {isa = PBXBuildFile; fileRef = DDDCEFD32B1C56D4007CD8C9 /* LoginView.swift */; };
		DDDCEFD82B1C72E6007CD8C9 /* RegisterView.swift in Sources */ = {isa = PBXBuildFile; fileRef = DDDCEFD72B1C72E6007CD8C9 /* RegisterView.swift */; };
		DDDCEFDA2B1C7300007CD8C9 /* RegisterViewController.swift in Sources */ = {isa = PBXBuildFile; fileRef = DDDCEFD92B1C7300007CD8C9 /* RegisterViewController.swift */; };
		DDDCEFDD2B1CE43B007CD8C9 /* PasswordTextField.swift in Sources */ = {isa = PBXBuildFile; fileRef = DDDCEFDC2B1CE43B007CD8C9 /* PasswordTextField.swift */; };
		DDDCEFDF2B1CE9C9007CD8C9 /* SplashScreenView.swift in Sources */ = {isa = PBXBuildFile; fileRef = DDDCEFDE2B1CE9C9007CD8C9 /* SplashScreenView.swift */; };
		DDDCEFE12B1D874F007CD8C9 /* ProfileView.swift in Sources */ = {isa = PBXBuildFile; fileRef = DDDCEFE02B1D874F007CD8C9 /* ProfileView.swift */; };
		DDDCEFE42B20E190007CD8C9 /* ConfirmationView.swift in Sources */ = {isa = PBXBuildFile; fileRef = DDDCEFE32B20E18F007CD8C9 /* ConfirmationView.swift */; };
		DDDCEFE72B20E1AB007CD8C9 /* ConfirmationViewController.swift in Sources */ = {isa = PBXBuildFile; fileRef = DDDCEFE62B20E1AA007CD8C9 /* ConfirmationViewController.swift */; };
		DDDCEFEA2B21A2FA007CD8C9 /* ProfileViewController.swift in Sources */ = {isa = PBXBuildFile; fileRef = DDDCEFE92B21A2FA007CD8C9 /* ProfileViewController.swift */; };
		DDDCEFEC2B21F6F5007CD8C9 /* ResendAlertView.swift in Sources */ = {isa = PBXBuildFile; fileRef = DDDCEFEB2B21F6F5007CD8C9 /* ResendAlertView.swift */; };
		DDDCEFEE2B22440D007CD8C9 /* ResendAlertViewController.swift in Sources */ = {isa = PBXBuildFile; fileRef = DDDCEFED2B22440D007CD8C9 /* ResendAlertViewController.swift */; };
		DDDCEFF22B248704007CD8C9 /* APIService.swift in Sources */ = {isa = PBXBuildFile; fileRef = DDDCEFF12B248704007CD8C9 /* APIService.swift */; };
/* End PBXBuildFile section */

/* Begin PBXFileReference section */
		10F4CEEBBDD66570A1675B37 /* Pods-Neobis_IOS_auth.release.xcconfig */ = {isa = PBXFileReference; includeInIndex = 1; lastKnownFileType = text.xcconfig; name = "Pods-Neobis_IOS_auth.release.xcconfig"; path = "Target Support Files/Pods-Neobis_IOS_auth/Pods-Neobis_IOS_auth.release.xcconfig"; sourceTree = "<group>"; };
		6AFDA46534CBE5CDFE9F7D26 /* Pods_Neobis_IOS_auth.framework */ = {isa = PBXFileReference; explicitFileType = wrapper.framework; includeInIndex = 0; path = Pods_Neobis_IOS_auth.framework; sourceTree = BUILT_PRODUCTS_DIR; };
		BD8CD3C0628D98F8C6A997CF /* Pods-Neobis_IOS_auth.debug.xcconfig */ = {isa = PBXFileReference; includeInIndex = 1; lastKnownFileType = text.xcconfig; name = "Pods-Neobis_IOS_auth.debug.xcconfig"; path = "Target Support Files/Pods-Neobis_IOS_auth/Pods-Neobis_IOS_auth.debug.xcconfig"; sourceTree = "<group>"; };
		DD8A678B2B2596E1001EB67D /* Model.swift */ = {isa = PBXFileReference; lastKnownFileType = sourcecode.swift; path = Model.swift; sourceTree = "<group>"; };
		DD8A678D2B25A9BD001EB67D /* RegisterViewModel.swift */ = {isa = PBXFileReference; lastKnownFileType = sourcecode.swift; path = RegisterViewModel.swift; sourceTree = "<group>"; };
		DD8A67902B25C3D5001EB67D /* LoginViewModel.swift */ = {isa = PBXFileReference; lastKnownFileType = sourcecode.swift; path = LoginViewModel.swift; sourceTree = "<group>"; };
		DDDCEFA62B1BD224007CD8C9 /* Neobis_IOS_auth.app */ = {isa = PBXFileReference; explicitFileType = wrapper.application; includeInIndex = 0; path = Neobis_IOS_auth.app; sourceTree = BUILT_PRODUCTS_DIR; };
		DDDCEFA92B1BD224007CD8C9 /* AppDelegate.swift */ = {isa = PBXFileReference; lastKnownFileType = sourcecode.swift; path = AppDelegate.swift; sourceTree = "<group>"; };
		DDDCEFAB2B1BD224007CD8C9 /* SceneDelegate.swift */ = {isa = PBXFileReference; lastKnownFileType = sourcecode.swift; path = SceneDelegate.swift; sourceTree = "<group>"; };
		DDDCEFAD2B1BD224007CD8C9 /* LoginViewController.swift */ = {isa = PBXFileReference; lastKnownFileType = sourcecode.swift; path = LoginViewController.swift; sourceTree = "<group>"; };
		DDDCEFB22B1BD227007CD8C9 /* Assets.xcassets */ = {isa = PBXFileReference; lastKnownFileType = folder.assetcatalog; path = Assets.xcassets; sourceTree = "<group>"; };
		DDDCEFB52B1BD227007CD8C9 /* Base */ = {isa = PBXFileReference; lastKnownFileType = file.storyboard; name = Base; path = Base.lproj/LaunchScreen.storyboard; sourceTree = "<group>"; };
		DDDCEFB72B1BD227007CD8C9 /* Info.plist */ = {isa = PBXFileReference; lastKnownFileType = text.plist.xml; path = Info.plist; sourceTree = "<group>"; };
		DDDCEFBE2B1BD687007CD8C9 /* CustomButton.swift */ = {isa = PBXFileReference; lastKnownFileType = sourcecode.swift; path = CustomButton.swift; sourceTree = "<group>"; };
		DDDCEFC22B1C5207007CD8C9 /* CustomTextField.swift */ = {isa = PBXFileReference; lastKnownFileType = sourcecode.swift; path = CustomTextField.swift; sourceTree = "<group>"; };
		DDDCEFC52B1C55C5007CD8C9 /* MPLUS1p-Black.ttf */ = {isa = PBXFileReference; lastKnownFileType = file; path = "MPLUS1p-Black.ttf"; sourceTree = "<group>"; };
		DDDCEFC62B1C55C5007CD8C9 /* MPLUS1p-Bold.ttf */ = {isa = PBXFileReference; lastKnownFileType = file; path = "MPLUS1p-Bold.ttf"; sourceTree = "<group>"; };
		DDDCEFC72B1C55C5007CD8C9 /* MPLUS1p-Light.ttf */ = {isa = PBXFileReference; lastKnownFileType = file; path = "MPLUS1p-Light.ttf"; sourceTree = "<group>"; };
		DDDCEFC82B1C55C6007CD8C9 /* MPLUS1p-Regular.ttf */ = {isa = PBXFileReference; lastKnownFileType = file; path = "MPLUS1p-Regular.ttf"; sourceTree = "<group>"; };
		DDDCEFC92B1C55C6007CD8C9 /* MPLUS1p-Medium.ttf */ = {isa = PBXFileReference; lastKnownFileType = file; path = "MPLUS1p-Medium.ttf"; sourceTree = "<group>"; };
		DDDCEFCA2B1C55C6007CD8C9 /* MPLUS1p-ExtraBold.ttf */ = {isa = PBXFileReference; lastKnownFileType = file; path = "MPLUS1p-ExtraBold.ttf"; sourceTree = "<group>"; };
		DDDCEFD12B1C55CF007CD8C9 /* MPLUS1p-Thin.ttf */ = {isa = PBXFileReference; lastKnownFileType = file; path = "MPLUS1p-Thin.ttf"; sourceTree = "<group>"; };
		DDDCEFD32B1C56D4007CD8C9 /* LoginView.swift */ = {isa = PBXFileReference; lastKnownFileType = sourcecode.swift; path = LoginView.swift; sourceTree = "<group>"; };
		DDDCEFD72B1C72E6007CD8C9 /* RegisterView.swift */ = {isa = PBXFileReference; lastKnownFileType = sourcecode.swift; path = RegisterView.swift; sourceTree = "<group>"; };
		DDDCEFD92B1C7300007CD8C9 /* RegisterViewController.swift */ = {isa = PBXFileReference; lastKnownFileType = sourcecode.swift; path = RegisterViewController.swift; sourceTree = "<group>"; };
		DDDCEFDC2B1CE43B007CD8C9 /* PasswordTextField.swift */ = {isa = PBXFileReference; lastKnownFileType = sourcecode.swift; path = PasswordTextField.swift; sourceTree = "<group>"; };
		DDDCEFDE2B1CE9C9007CD8C9 /* SplashScreenView.swift */ = {isa = PBXFileReference; lastKnownFileType = sourcecode.swift; path = SplashScreenView.swift; sourceTree = "<group>"; };
		DDDCEFE02B1D874F007CD8C9 /* ProfileView.swift */ = {isa = PBXFileReference; lastKnownFileType = sourcecode.swift; path = ProfileView.swift; sourceTree = "<group>"; };
		DDDCEFE32B20E18F007CD8C9 /* ConfirmationView.swift */ = {isa = PBXFileReference; lastKnownFileType = sourcecode.swift; path = ConfirmationView.swift; sourceTree = "<group>"; };
		DDDCEFE62B20E1AA007CD8C9 /* ConfirmationViewController.swift */ = {isa = PBXFileReference; lastKnownFileType = sourcecode.swift; path = ConfirmationViewController.swift; sourceTree = "<group>"; };
		DDDCEFE92B21A2FA007CD8C9 /* ProfileViewController.swift */ = {isa = PBXFileReference; lastKnownFileType = sourcecode.swift; path = ProfileViewController.swift; sourceTree = "<group>"; };
		DDDCEFEB2B21F6F5007CD8C9 /* ResendAlertView.swift */ = {isa = PBXFileReference; lastKnownFileType = sourcecode.swift; path = ResendAlertView.swift; sourceTree = "<group>"; };
		DDDCEFED2B22440D007CD8C9 /* ResendAlertViewController.swift */ = {isa = PBXFileReference; lastKnownFileType = sourcecode.swift; path = ResendAlertViewController.swift; sourceTree = "<group>"; };
		DDDCEFF12B248704007CD8C9 /* APIService.swift */ = {isa = PBXFileReference; lastKnownFileType = sourcecode.swift; path = APIService.swift; sourceTree = "<group>"; };
/* End PBXFileReference section */

/* Begin PBXFrameworksBuildPhase section */
		DDDCEFA32B1BD224007CD8C9 /* Frameworks */ = {
			isa = PBXFrameworksBuildPhase;
			buildActionMask = 2147483647;
			files = (
				38D2F261DA21313821A95B6F /* Pods_Neobis_IOS_auth.framework in Frameworks */,
			);
			runOnlyForDeploymentPostprocessing = 0;
		};
/* End PBXFrameworksBuildPhase section */

/* Begin PBXGroup section */
		02985F44F3183AF1D42B585E /* Frameworks */ = {
			isa = PBXGroup;
			children = (
				6AFDA46534CBE5CDFE9F7D26 /* Pods_Neobis_IOS_auth.framework */,
			);
			name = Frameworks;
			sourceTree = "<group>";
		};
		3F9A5C9B2D89A8BD9D2375CB /* Pods */ = {
			isa = PBXGroup;
			children = (
				BD8CD3C0628D98F8C6A997CF /* Pods-Neobis_IOS_auth.debug.xcconfig */,
				10F4CEEBBDD66570A1675B37 /* Pods-Neobis_IOS_auth.release.xcconfig */,
			);
			path = Pods;
			sourceTree = "<group>";
		};
		DDDCEF9D2B1BD224007CD8C9 = {
			isa = PBXGroup;
			children = (
				DDDCEFA82B1BD224007CD8C9 /* Neobis_IOS_auth */,
				DDDCEFA72B1BD224007CD8C9 /* Products */,
				3F9A5C9B2D89A8BD9D2375CB /* Pods */,
				02985F44F3183AF1D42B585E /* Frameworks */,
			);
			sourceTree = "<group>";
		};
		DDDCEFA72B1BD224007CD8C9 /* Products */ = {
			isa = PBXGroup;
			children = (
				DDDCEFA62B1BD224007CD8C9 /* Neobis_IOS_auth.app */,
			);
			name = Products;
			sourceTree = "<group>";
		};
		DDDCEFA82B1BD224007CD8C9 /* Neobis_IOS_auth */ = {
			isa = PBXGroup;
			children = (
				DDDCEFB72B1BD227007CD8C9 /* Info.plist */,
				DD8A678B2B2596E1001EB67D /* Model.swift */,
				DDDCEFF02B2486E9007CD8C9 /* Service */,
				DDDCEFD52B1C72AA007CD8C9 /* Login */,
				DDDCEFE82B21A2C9007CD8C9 /* Profile */,
				DDDCEFD62B1C72CD007CD8C9 /* Register */,
				DDDCEFE22B20E178007CD8C9 /* Confirmation */,
				DDDCEFEF2B224953007CD8C9 /* ResendAlert */,
				DDDCEFDB2B1C786A007CD8C9 /* CustomStuff */,
				DDDCEFBD2B1BD533007CD8C9 /* SUPPORTING */,
			);
			path = Neobis_IOS_auth;
			sourceTree = "<group>";
		};
		DDDCEFBD2B1BD533007CD8C9 /* SUPPORTING */ = {
			isa = PBXGroup;
			children = (
				DDDCEFC42B1C556B007CD8C9 /* Fonts */,
				DDDCEFB22B1BD227007CD8C9 /* Assets.xcassets */,
				DDDCEFB42B1BD227007CD8C9 /* LaunchScreen.storyboard */,
				DDDCEFAB2B1BD224007CD8C9 /* SceneDelegate.swift */,
				DDDCEFA92B1BD224007CD8C9 /* AppDelegate.swift */,
			);
			path = SUPPORTING;
			sourceTree = "<group>";
		};
		DDDCEFC42B1C556B007CD8C9 /* Fonts */ = {
			isa = PBXGroup;
			children = (
				DDDCEFD12B1C55CF007CD8C9 /* MPLUS1p-Thin.ttf */,
				DDDCEFC52B1C55C5007CD8C9 /* MPLUS1p-Black.ttf */,
				DDDCEFC62B1C55C5007CD8C9 /* MPLUS1p-Bold.ttf */,
				DDDCEFCA2B1C55C6007CD8C9 /* MPLUS1p-ExtraBold.ttf */,
				DDDCEFC72B1C55C5007CD8C9 /* MPLUS1p-Light.ttf */,
				DDDCEFC92B1C55C6007CD8C9 /* MPLUS1p-Medium.ttf */,
				DDDCEFC82B1C55C6007CD8C9 /* MPLUS1p-Regular.ttf */,
			);
			path = Fonts;
			sourceTree = "<group>";
		};
		DDDCEFD52B1C72AA007CD8C9 /* Login */ = {
			isa = PBXGroup;
			children = (
				DDDCEFD32B1C56D4007CD8C9 /* LoginView.swift */,
				DDDCEFAD2B1BD224007CD8C9 /* LoginViewController.swift */,
				DD8A67902B25C3D5001EB67D /* LoginViewModel.swift */,
			);
			path = Login;
			sourceTree = "<group>";
		};
		DDDCEFD62B1C72CD007CD8C9 /* Register */ = {
			isa = PBXGroup;
			children = (
				DDDCEFD72B1C72E6007CD8C9 /* RegisterView.swift */,
				DDDCEFD92B1C7300007CD8C9 /* RegisterViewController.swift */,
				DD8A678D2B25A9BD001EB67D /* RegisterViewModel.swift */,
			);
			path = Register;
			sourceTree = "<group>";
		};
		DDDCEFDB2B1C786A007CD8C9 /* CustomStuff */ = {
			isa = PBXGroup;
			children = (
				DDDCEFC22B1C5207007CD8C9 /* CustomTextField.swift */,
				DDDCEFDC2B1CE43B007CD8C9 /* PasswordTextField.swift */,
				DDDCEFBE2B1BD687007CD8C9 /* CustomButton.swift */,
				DDDCEFDE2B1CE9C9007CD8C9 /* SplashScreenView.swift */,
			);
			path = CustomStuff;
			sourceTree = "<group>";
		};
		DDDCEFE22B20E178007CD8C9 /* Confirmation */ = {
			isa = PBXGroup;
			children = (
				DDDCEFE32B20E18F007CD8C9 /* ConfirmationView.swift */,
				DDDCEFE62B20E1AA007CD8C9 /* ConfirmationViewController.swift */,
			);
			path = Confirmation;
			sourceTree = "<group>";
		};
		DDDCEFE82B21A2C9007CD8C9 /* Profile */ = {
			isa = PBXGroup;
			children = (
				DDDCEFE02B1D874F007CD8C9 /* ProfileView.swift */,
				DDDCEFE92B21A2FA007CD8C9 /* ProfileViewController.swift */,
			);
			path = Profile;
			sourceTree = "<group>";
		};
		DDDCEFEF2B224953007CD8C9 /* ResendAlert */ = {
			isa = PBXGroup;
			children = (
				DDDCEFEB2B21F6F5007CD8C9 /* ResendAlertView.swift */,
				DDDCEFED2B22440D007CD8C9 /* ResendAlertViewController.swift */,
			);
			path = ResendAlert;
			sourceTree = "<group>";
		};
		DDDCEFF02B2486E9007CD8C9 /* Service */ = {
			isa = PBXGroup;
			children = (
				DDDCEFF12B248704007CD8C9 /* APIService.swift */,
			);
			path = Service;
			sourceTree = "<group>";
		};
/* End PBXGroup section */

/* Begin PBXNativeTarget section */
		DDDCEFA52B1BD224007CD8C9 /* Neobis_IOS_auth */ = {
			isa = PBXNativeTarget;
			buildConfigurationList = DDDCEFBA2B1BD227007CD8C9 /* Build configuration list for PBXNativeTarget "Neobis_IOS_auth" */;
			buildPhases = (
				058A800D8FBF0027483B5EF6 /* [CP] Check Pods Manifest.lock */,
				DDDCEFA22B1BD224007CD8C9 /* Sources */,
				DDDCEFA32B1BD224007CD8C9 /* Frameworks */,
				DDDCEFA42B1BD224007CD8C9 /* Resources */,
				08CCCB51C5875CBA8ACB921F /* [CP] Embed Pods Frameworks */,
			);
			buildRules = (
			);
			dependencies = (
			);
			name = Neobis_IOS_auth;
			productName = Neobis_IOS_auth;
			productReference = DDDCEFA62B1BD224007CD8C9 /* Neobis_IOS_auth.app */;
			productType = "com.apple.product-type.application";
		};
/* End PBXNativeTarget section */

/* Begin PBXProject section */
		DDDCEF9E2B1BD224007CD8C9 /* Project object */ = {
			isa = PBXProject;
			attributes = {
				BuildIndependentTargetsInParallel = 1;
				LastSwiftUpdateCheck = 1500;
				LastUpgradeCheck = 1500;
				TargetAttributes = {
					DDDCEFA52B1BD224007CD8C9 = {
						CreatedOnToolsVersion = 15.0.1;
					};
				};
			};
			buildConfigurationList = DDDCEFA12B1BD224007CD8C9 /* Build configuration list for PBXProject "Neobis_IOS_auth" */;
			compatibilityVersion = "Xcode 14.0";
			developmentRegion = en;
			hasScannedForEncodings = 0;
			knownRegions = (
				en,
				Base,
			);
			mainGroup = DDDCEF9D2B1BD224007CD8C9;
			productRefGroup = DDDCEFA72B1BD224007CD8C9 /* Products */;
			projectDirPath = "";
			projectRoot = "";
			targets = (
				DDDCEFA52B1BD224007CD8C9 /* Neobis_IOS_auth */,
			);
		};
/* End PBXProject section */

/* Begin PBXResourcesBuildPhase section */
		DDDCEFA42B1BD224007CD8C9 /* Resources */ = {
			isa = PBXResourcesBuildPhase;
			buildActionMask = 2147483647;
			files = (
				DDDCEFCC2B1C55C6007CD8C9 /* MPLUS1p-Bold.ttf in Resources */,
				DDDCEFCF2B1C55C6007CD8C9 /* MPLUS1p-Medium.ttf in Resources */,
				DDDCEFCD2B1C55C6007CD8C9 /* MPLUS1p-Light.ttf in Resources */,
				DDDCEFD22B1C55CF007CD8C9 /* MPLUS1p-Thin.ttf in Resources */,
				DDDCEFCE2B1C55C6007CD8C9 /* MPLUS1p-Regular.ttf in Resources */,
				DDDCEFB62B1BD227007CD8C9 /* LaunchScreen.storyboard in Resources */,
				DDDCEFD02B1C55C6007CD8C9 /* MPLUS1p-ExtraBold.ttf in Resources */,
				DDDCEFCB2B1C55C6007CD8C9 /* MPLUS1p-Black.ttf in Resources */,
				DDDCEFB32B1BD227007CD8C9 /* Assets.xcassets in Resources */,
			);
			runOnlyForDeploymentPostprocessing = 0;
		};
/* End PBXResourcesBuildPhase section */

/* Begin PBXShellScriptBuildPhase section */
		058A800D8FBF0027483B5EF6 /* [CP] Check Pods Manifest.lock */ = {
			isa = PBXShellScriptBuildPhase;
			buildActionMask = 2147483647;
			files = (
			);
			inputFileListPaths = (
			);
			inputPaths = (
				"${PODS_PODFILE_DIR_PATH}/Podfile.lock",
				"${PODS_ROOT}/Manifest.lock",
			);
			name = "[CP] Check Pods Manifest.lock";
			outputFileListPaths = (
			);
			outputPaths = (
				"$(DERIVED_FILE_DIR)/Pods-Neobis_IOS_auth-checkManifestLockResult.txt",
			);
			runOnlyForDeploymentPostprocessing = 0;
			shellPath = /bin/sh;
			shellScript = "diff \"${PODS_PODFILE_DIR_PATH}/Podfile.lock\" \"${PODS_ROOT}/Manifest.lock\" > /dev/null\nif [ $? != 0 ] ; then\n    # print error to STDERR\n    echo \"error: The sandbox is not in sync with the Podfile.lock. Run 'pod install' or update your CocoaPods installation.\" >&2\n    exit 1\nfi\n# This output is used by Xcode 'outputs' to avoid re-running this script phase.\necho \"SUCCESS\" > \"${SCRIPT_OUTPUT_FILE_0}\"\n";
			showEnvVarsInLog = 0;
		};
		08CCCB51C5875CBA8ACB921F /* [CP] Embed Pods Frameworks */ = {
			isa = PBXShellScriptBuildPhase;
			buildActionMask = 2147483647;
			files = (
			);
			inputFileListPaths = (
				"${PODS_ROOT}/Target Support Files/Pods-Neobis_IOS_auth/Pods-Neobis_IOS_auth-frameworks-${CONFIGURATION}-input-files.xcfilelist",
			);
			name = "[CP] Embed Pods Frameworks";
			outputFileListPaths = (
				"${PODS_ROOT}/Target Support Files/Pods-Neobis_IOS_auth/Pods-Neobis_IOS_auth-frameworks-${CONFIGURATION}-output-files.xcfilelist",
			);
			runOnlyForDeploymentPostprocessing = 0;
			shellPath = /bin/sh;
			shellScript = "\"${PODS_ROOT}/Target Support Files/Pods-Neobis_IOS_auth/Pods-Neobis_IOS_auth-frameworks.sh\"\n";
			showEnvVarsInLog = 0;
		};
/* End PBXShellScriptBuildPhase section */

/* Begin PBXSourcesBuildPhase section */
		DDDCEFA22B1BD224007CD8C9 /* Sources */ = {
			isa = PBXSourcesBuildPhase;
			buildActionMask = 2147483647;
			files = (
				DDDCEFD42B1C56D4007CD8C9 /* LoginView.swift in Sources */,
				DDDCEFE42B20E190007CD8C9 /* ConfirmationView.swift in Sources */,
				DDDCEFEE2B22440D007CD8C9 /* ResendAlertViewController.swift in Sources */,
				DDDCEFBF2B1BD687007CD8C9 /* CustomButton.swift in Sources */,
				DDDCEFDD2B1CE43B007CD8C9 /* PasswordTextField.swift in Sources */,
				DDDCEFEA2B21A2FA007CD8C9 /* ProfileViewController.swift in Sources */,
				DDDCEFC32B1C5207007CD8C9 /* CustomTextField.swift in Sources */,
				DDDCEFDA2B1C7300007CD8C9 /* RegisterViewController.swift in Sources */,
				DD8A67912B25C3D5001EB67D /* LoginViewModel.swift in Sources */,
				DD8A678E2B25A9BD001EB67D /* RegisterViewModel.swift in Sources */,
				DDDCEFE12B1D874F007CD8C9 /* ProfileView.swift in Sources */,
				DDDCEFEC2B21F6F5007CD8C9 /* ResendAlertView.swift in Sources */,
				DDDCEFD82B1C72E6007CD8C9 /* RegisterView.swift in Sources */,
				DDDCEFF22B248704007CD8C9 /* APIService.swift in Sources */,
				DDDCEFAE2B1BD224007CD8C9 /* LoginViewController.swift in Sources */,
				DDDCEFDF2B1CE9C9007CD8C9 /* SplashScreenView.swift in Sources */,
				DDDCEFAA2B1BD224007CD8C9 /* AppDelegate.swift in Sources */,
				DD8A678C2B2596E1001EB67D /* Model.swift in Sources */,
				DDDCEFE72B20E1AB007CD8C9 /* ConfirmationViewController.swift in Sources */,
				DDDCEFAC2B1BD224007CD8C9 /* SceneDelegate.swift in Sources */,
			);
			runOnlyForDeploymentPostprocessing = 0;
		};
/* End PBXSourcesBuildPhase section */

/* Begin PBXVariantGroup section */
		DDDCEFB42B1BD227007CD8C9 /* LaunchScreen.storyboard */ = {
			isa = PBXVariantGroup;
			children = (
				DDDCEFB52B1BD227007CD8C9 /* Base */,
			);
			name = LaunchScreen.storyboard;
			sourceTree = "<group>";
		};
/* End PBXVariantGroup section */

/* Begin XCBuildConfiguration section */
		DDDCEFB82B1BD227007CD8C9 /* Debug */ = {
			isa = XCBuildConfiguration;
			buildSettings = {
				ALWAYS_SEARCH_USER_PATHS = NO;
				ASSETCATALOG_COMPILER_GENERATE_SWIFT_ASSET_SYMBOL_EXTENSIONS = YES;
				CLANG_ANALYZER_NONNULL = YES;
				CLANG_ANALYZER_NUMBER_OBJECT_CONVERSION = YES_AGGRESSIVE;
				CLANG_CXX_LANGUAGE_STANDARD = "gnu++20";
				CLANG_ENABLE_MODULES = YES;
				CLANG_ENABLE_OBJC_ARC = YES;
				CLANG_ENABLE_OBJC_WEAK = YES;
				CLANG_WARN_BLOCK_CAPTURE_AUTORELEASING = YES;
				CLANG_WARN_BOOL_CONVERSION = YES;
				CLANG_WARN_COMMA = YES;
				CLANG_WARN_CONSTANT_CONVERSION = YES;
				CLANG_WARN_DEPRECATED_OBJC_IMPLEMENTATIONS = YES;
				CLANG_WARN_DIRECT_OBJC_ISA_USAGE = YES_ERROR;
				CLANG_WARN_DOCUMENTATION_COMMENTS = YES;
				CLANG_WARN_EMPTY_BODY = YES;
				CLANG_WARN_ENUM_CONVERSION = YES;
				CLANG_WARN_INFINITE_RECURSION = YES;
				CLANG_WARN_INT_CONVERSION = YES;
				CLANG_WARN_NON_LITERAL_NULL_CONVERSION = YES;
				CLANG_WARN_OBJC_IMPLICIT_RETAIN_SELF = YES;
				CLANG_WARN_OBJC_LITERAL_CONVERSION = YES;
				CLANG_WARN_OBJC_ROOT_CLASS = YES_ERROR;
				CLANG_WARN_QUOTED_INCLUDE_IN_FRAMEWORK_HEADER = YES;
				CLANG_WARN_RANGE_LOOP_ANALYSIS = YES;
				CLANG_WARN_STRICT_PROTOTYPES = YES;
				CLANG_WARN_SUSPICIOUS_MOVE = YES;
				CLANG_WARN_UNGUARDED_AVAILABILITY = YES_AGGRESSIVE;
				CLANG_WARN_UNREACHABLE_CODE = YES;
				CLANG_WARN__DUPLICATE_METHOD_MATCH = YES;
				COPY_PHASE_STRIP = NO;
				DEBUG_INFORMATION_FORMAT = dwarf;
				ENABLE_STRICT_OBJC_MSGSEND = YES;
				ENABLE_TESTABILITY = YES;
				ENABLE_USER_SCRIPT_SANDBOXING = NO;
				GCC_C_LANGUAGE_STANDARD = gnu17;
				GCC_DYNAMIC_NO_PIC = NO;
				GCC_NO_COMMON_BLOCKS = YES;
				GCC_OPTIMIZATION_LEVEL = 0;
				GCC_PREPROCESSOR_DEFINITIONS = (
					"DEBUG=1",
					"$(inherited)",
				);
				GCC_WARN_64_TO_32_BIT_CONVERSION = YES;
				GCC_WARN_ABOUT_RETURN_TYPE = YES_ERROR;
				GCC_WARN_UNDECLARED_SELECTOR = YES;
				GCC_WARN_UNINITIALIZED_AUTOS = YES_AGGRESSIVE;
				GCC_WARN_UNUSED_FUNCTION = YES;
				GCC_WARN_UNUSED_VARIABLE = YES;
				IPHONEOS_DEPLOYMENT_TARGET = 17.0;
				LOCALIZATION_PREFERS_STRING_CATALOGS = YES;
				MTL_ENABLE_DEBUG_INFO = INCLUDE_SOURCE;
				MTL_FAST_MATH = YES;
				ONLY_ACTIVE_ARCH = YES;
				SDKROOT = iphoneos;
				SWIFT_ACTIVE_COMPILATION_CONDITIONS = "DEBUG $(inherited)";
				SWIFT_OPTIMIZATION_LEVEL = "-Onone";
			};
			name = Debug;
		};
		DDDCEFB92B1BD227007CD8C9 /* Release */ = {
			isa = XCBuildConfiguration;
			buildSettings = {
				ALWAYS_SEARCH_USER_PATHS = NO;
				ASSETCATALOG_COMPILER_GENERATE_SWIFT_ASSET_SYMBOL_EXTENSIONS = YES;
				CLANG_ANALYZER_NONNULL = YES;
				CLANG_ANALYZER_NUMBER_OBJECT_CONVERSION = YES_AGGRESSIVE;
				CLANG_CXX_LANGUAGE_STANDARD = "gnu++20";
				CLANG_ENABLE_MODULES = YES;
				CLANG_ENABLE_OBJC_ARC = YES;
				CLANG_ENABLE_OBJC_WEAK = YES;
				CLANG_WARN_BLOCK_CAPTURE_AUTORELEASING = YES;
				CLANG_WARN_BOOL_CONVERSION = YES;
				CLANG_WARN_COMMA = YES;
				CLANG_WARN_CONSTANT_CONVERSION = YES;
				CLANG_WARN_DEPRECATED_OBJC_IMPLEMENTATIONS = YES;
				CLANG_WARN_DIRECT_OBJC_ISA_USAGE = YES_ERROR;
				CLANG_WARN_DOCUMENTATION_COMMENTS = YES;
				CLANG_WARN_EMPTY_BODY = YES;
				CLANG_WARN_ENUM_CONVERSION = YES;
				CLANG_WARN_INFINITE_RECURSION = YES;
				CLANG_WARN_INT_CONVERSION = YES;
				CLANG_WARN_NON_LITERAL_NULL_CONVERSION = YES;
				CLANG_WARN_OBJC_IMPLICIT_RETAIN_SELF = YES;
				CLANG_WARN_OBJC_LITERAL_CONVERSION = YES;
				CLANG_WARN_OBJC_ROOT_CLASS = YES_ERROR;
				CLANG_WARN_QUOTED_INCLUDE_IN_FRAMEWORK_HEADER = YES;
				CLANG_WARN_RANGE_LOOP_ANALYSIS = YES;
				CLANG_WARN_STRICT_PROTOTYPES = YES;
				CLANG_WARN_SUSPICIOUS_MOVE = YES;
				CLANG_WARN_UNGUARDED_AVAILABILITY = YES_AGGRESSIVE;
				CLANG_WARN_UNREACHABLE_CODE = YES;
				CLANG_WARN__DUPLICATE_METHOD_MATCH = YES;
				COPY_PHASE_STRIP = NO;
				DEBUG_INFORMATION_FORMAT = "dwarf-with-dsym";
				ENABLE_NS_ASSERTIONS = NO;
				ENABLE_STRICT_OBJC_MSGSEND = YES;
				ENABLE_USER_SCRIPT_SANDBOXING = NO;
				GCC_C_LANGUAGE_STANDARD = gnu17;
				GCC_NO_COMMON_BLOCKS = YES;
				GCC_WARN_64_TO_32_BIT_CONVERSION = YES;
				GCC_WARN_ABOUT_RETURN_TYPE = YES_ERROR;
				GCC_WARN_UNDECLARED_SELECTOR = YES;
				GCC_WARN_UNINITIALIZED_AUTOS = YES_AGGRESSIVE;
				GCC_WARN_UNUSED_FUNCTION = YES;
				GCC_WARN_UNUSED_VARIABLE = YES;
				IPHONEOS_DEPLOYMENT_TARGET = 17.0;
				LOCALIZATION_PREFERS_STRING_CATALOGS = YES;
				MTL_ENABLE_DEBUG_INFO = NO;
				MTL_FAST_MATH = YES;
				SDKROOT = iphoneos;
				SWIFT_COMPILATION_MODE = wholemodule;
				VALIDATE_PRODUCT = YES;
			};
			name = Release;
		};
		DDDCEFBB2B1BD227007CD8C9 /* Debug */ = {
			isa = XCBuildConfiguration;
			baseConfigurationReference = BD8CD3C0628D98F8C6A997CF /* Pods-Neobis_IOS_auth.debug.xcconfig */;
			buildSettings = {
				ASSETCATALOG_COMPILER_APPICON_NAME = AppIcon;
				ASSETCATALOG_COMPILER_GLOBAL_ACCENT_COLOR_NAME = AccentColor;
				CODE_SIGN_STYLE = Automatic;
				CURRENT_PROJECT_VERSION = 1;
				DEVELOPMENT_TEAM = H7BR8NTQAT;
				GENERATE_INFOPLIST_FILE = YES;
				INFOPLIST_FILE = Neobis_IOS_auth/Info.plist;
				INFOPLIST_KEY_UIApplicationSupportsIndirectInputEvents = YES;
				INFOPLIST_KEY_UILaunchStoryboardName = LaunchScreen;
				INFOPLIST_KEY_UISupportedInterfaceOrientations_iPad = "UIInterfaceOrientationPortrait UIInterfaceOrientationPortraitUpsideDown UIInterfaceOrientationLandscapeLeft UIInterfaceOrientationLandscapeRight";
				INFOPLIST_KEY_UISupportedInterfaceOrientations_iPhone = "UIInterfaceOrientationPortrait UIInterfaceOrientationLandscapeLeft UIInterfaceOrientationLandscapeRight";
				LD_RUNPATH_SEARCH_PATHS = (
					"$(inherited)",
					"@executable_path/Frameworks",
				);
				MARKETING_VERSION = 1.0;
				PRODUCT_BUNDLE_IDENTIFIER = "burte.Neobis-IOS-auth";
				PRODUCT_NAME = "$(TARGET_NAME)";
				SWIFT_EMIT_LOC_STRINGS = YES;
				SWIFT_VERSION = 5.0;
				TARGETED_DEVICE_FAMILY = "1,2";
			};
			name = Debug;
		};
		DDDCEFBC2B1BD227007CD8C9 /* Release */ = {
			isa = XCBuildConfiguration;
			baseConfigurationReference = 10F4CEEBBDD66570A1675B37 /* Pods-Neobis_IOS_auth.release.xcconfig */;
			buildSettings = {
				ASSETCATALOG_COMPILER_APPICON_NAME = AppIcon;
				ASSETCATALOG_COMPILER_GLOBAL_ACCENT_COLOR_NAME = AccentColor;
				CODE_SIGN_STYLE = Automatic;
				CURRENT_PROJECT_VERSION = 1;
				DEVELOPMENT_TEAM = H7BR8NTQAT;
				GENERATE_INFOPLIST_FILE = YES;
				INFOPLIST_FILE = Neobis_IOS_auth/Info.plist;
				INFOPLIST_KEY_UIApplicationSupportsIndirectInputEvents = YES;
				INFOPLIST_KEY_UILaunchStoryboardName = LaunchScreen;
				INFOPLIST_KEY_UISupportedInterfaceOrientations_iPad = "UIInterfaceOrientationPortrait UIInterfaceOrientationPortraitUpsideDown UIInterfaceOrientationLandscapeLeft UIInterfaceOrientationLandscapeRight";
				INFOPLIST_KEY_UISupportedInterfaceOrientations_iPhone = "UIInterfaceOrientationPortrait UIInterfaceOrientationLandscapeLeft UIInterfaceOrientationLandscapeRight";
				LD_RUNPATH_SEARCH_PATHS = (
					"$(inherited)",
					"@executable_path/Frameworks",
				);
				MARKETING_VERSION = 1.0;
				PRODUCT_BUNDLE_IDENTIFIER = "burte.Neobis-IOS-auth";
				PRODUCT_NAME = "$(TARGET_NAME)";
				SWIFT_EMIT_LOC_STRINGS = YES;
				SWIFT_VERSION = 5.0;
				TARGETED_DEVICE_FAMILY = "1,2";
			};
			name = Release;
		};
/* End XCBuildConfiguration section */

/* Begin XCConfigurationList section */
		DDDCEFA12B1BD224007CD8C9 /* Build configuration list for PBXProject "Neobis_IOS_auth" */ = {
			isa = XCConfigurationList;
			buildConfigurations = (
				DDDCEFB82B1BD227007CD8C9 /* Debug */,
				DDDCEFB92B1BD227007CD8C9 /* Release */,
			);
			defaultConfigurationIsVisible = 0;
			defaultConfigurationName = Release;
		};
		DDDCEFBA2B1BD227007CD8C9 /* Build configuration list for PBXNativeTarget "Neobis_IOS_auth" */ = {
			isa = XCConfigurationList;
			buildConfigurations = (
				DDDCEFBB2B1BD227007CD8C9 /* Debug */,
				DDDCEFBC2B1BD227007CD8C9 /* Release */,
			);
			defaultConfigurationIsVisible = 0;
			defaultConfigurationName = Release;
		};
/* End XCConfigurationList section */
	};
	rootObject = DDDCEF9E2B1BD224007CD8C9 /* Project object */;
}
