// !$*UTF8*$!
{
	archiveVersion = 1;
	classes = {
	};
	objectVersion = 56;
	objects = {

/* Begin PBXBuildFile section */
		DDDCEFAA2B1BD224007CD8C9 /* AppDelegate.swift in Sources */ = {isa = PBXBuildFile; fileRef = DDDCEFA92B1BD224007CD8C9 /* AppDelegate.swift */; };
		DDDCEFAC2B1BD224007CD8C9 /* SceneDelegate.swift in Sources */ = {isa = PBXBuildFile; fileRef = DDDCEFAB2B1BD224007CD8C9 /* SceneDelegate.swift */; };
		DDDCEFAE2B1BD224007CD8C9 /* ViewController.swift in Sources */ = {isa = PBXBuildFile; fileRef = DDDCEFAD2B1BD224007CD8C9 /* ViewController.swift */; };
		DDDCEFB12B1BD224007CD8C9 /* Main.storyboard in Resources */ = {isa = PBXBuildFile; fileRef = DDDCEFAF2B1BD224007CD8C9 /* Main.storyboard */; };
		DDDCEFB32B1BD227007CD8C9 /* Assets.xcassets in Resources */ = {isa = PBXBuildFile; fileRef = DDDCEFB22B1BD227007CD8C9 /* Assets.xcassets */; };
		DDDCEFB62B1BD227007CD8C9 /* LaunchScreen.storyboard in Resources */ = {isa = PBXBuildFile; fileRef = DDDCEFB42B1BD227007CD8C9 /* LaunchScreen.storyboard */; };
/* End PBXBuildFile section */

/* Begin PBXFileReference section */
		DDDCEFA62B1BD224007CD8C9 /* Neobis_IOS_auth.app */ = {isa = PBXFileReference; explicitFileType = wrapper.application; includeInIndex = 0; path = Neobis_IOS_auth.app; sourceTree = BUILT_PRODUCTS_DIR; };
		DDDCEFA92B1BD224007CD8C9 /* AppDelegate.swift */ = {isa = PBXFileReference; lastKnownFileType = sourcecode.swift; path = AppDelegate.swift; sourceTree = "<group>"; };
		DDDCEFAB2B1BD224007CD8C9 /* SceneDelegate.swift */ = {isa = PBXFileReference; lastKnownFileType = sourcecode.swift; path = SceneDelegate.swift; sourceTree = "<group>"; };
		DDDCEFAD2B1BD224007CD8C9 /* ViewController.swift */ = {isa = PBXFileReference; lastKnownFileType = sourcecode.swift; path = ViewController.swift; sourceTree = "<group>"; };
		DDDCEFB02B1BD224007CD8C9 /* Base */ = {isa = PBXFileReference; lastKnownFileType = file.storyboard; name = Base; path = Base.lproj/Main.storyboard; sourceTree = "<group>"; };
		DDDCEFB22B1BD227007CD8C9 /* Assets.xcassets */ = {isa = PBXFileReference; lastKnownFileType = folder.assetcatalog; path = Assets.xcassets; sourceTree = "<group>"; };
		DDDCEFB52B1BD227007CD8C9 /* Base */ = {isa = PBXFileReference; lastKnownFileType = file.storyboard; name = Base; path = Base.lproj/LaunchScreen.storyboard; sourceTree = "<group>"; };
		DDDCEFB72B1BD227007CD8C9 /* Info.plist */ = {isa = PBXFileReference; lastKnownFileType = text.plist.xml; path = Info.plist; sourceTree = "<group>"; };
/* End PBXFileReference section */

/* Begin PBXFrameworksBuildPhase section */
		DDDCEFA32B1BD224007CD8C9 /* Frameworks */ = {
			isa = PBXFrameworksBuildPhase;
			buildActionMask = 2147483647;
			files = (
			);
			runOnlyForDeploymentPostprocessing = 0;
		};
/* End PBXFrameworksBuildPhase section */

/* Begin PBXGroup section */
		DDDCEF9D2B1BD224007CD8C9 = {
			isa = PBXGroup;
			children = (
				DDDCEFA82B1BD224007CD8C9 /* Neobis_IOS_auth */,
				DDDCEFA72B1BD224007CD8C9 /* Products */,
			);
			sourceTree = "<group>";
		};
		DDDCEFA72B1BD224007CD8C9 /* Products */ = {
			isa = PBXGroup;
			children = (
				DDDCEFA62B1BD224007CD8C9 /* Neobis_IOS_auth.app */,
			);
			name = Products;
			sourceTree = "<group>";
		};
		DDDCEFA82B1BD224007CD8C9 /* Neobis_IOS_auth */ = {
			isa = PBXGroup;
			children = (
				DDDCEFA92B1BD224007CD8C9 /* AppDelegate.swift */,
				DDDCEFAB2B1BD224007CD8C9 /* SceneDelegate.swift */,
				DDDCEFAD2B1BD224007CD8C9 /* ViewController.swift */,
				DDDCEFAF2B1BD224007CD8C9 /* Main.storyboard */,
				DDDCEFB22B1BD227007CD8C9 /* Assets.xcassets */,
				DDDCEFB42B1BD227007CD8C9 /* LaunchScreen.storyboard */,
				DDDCEFB72B1BD227007CD8C9 /* Info.plist */,
			);
			path = Neobis_IOS_auth;
			sourceTree = "<group>";
		};
/* End PBXGroup section */

/* Begin PBXNativeTarget section */
		DDDCEFA52B1BD224007CD8C9 /* Neobis_IOS_auth */ = {
			isa = PBXNativeTarget;
			buildConfigurationList = DDDCEFBA2B1BD227007CD8C9 /* Build configuration list for PBXNativeTarget "Neobis_IOS_auth" */;
			buildPhases = (
				DDDCEFA22B1BD224007CD8C9 /* Sources */,
				DDDCEFA32B1BD224007CD8C9 /* Frameworks */,
				DDDCEFA42B1BD224007CD8C9 /* Resources */,
			);
			buildRules = (
			);
			dependencies = (
			);
			name = Neobis_IOS_auth;
			productName = Neobis_IOS_auth;
			productReference = DDDCEFA62B1BD224007CD8C9 /* Neobis_IOS_auth.app */;
			productType = "com.apple.product-type.application";
		};
/* End PBXNativeTarget section */

/* Begin PBXProject section */
		DDDCEF9E2B1BD224007CD8C9 /* Project object */ = {
			isa = PBXProject;
			attributes = {
				BuildIndependentTargetsInParallel = 1;
				LastSwiftUpdateCheck = 1500;
				LastUpgradeCheck = 1500;
				TargetAttributes = {
					DDDCEFA52B1BD224007CD8C9 = {
						CreatedOnToolsVersion = 15.0.1;
					};
				};
			};
			buildConfigurationList = DDDCEFA12B1BD224007CD8C9 /* Build configuration list for PBXProject "Neobis_IOS_auth" */;
			compatibilityVersion = "Xcode 14.0";
			developmentRegion = en;
			hasScannedForEncodings = 0;
			knownRegions = (
				en,
				Base,
			);
			mainGroup = DDDCEF9D2B1BD224007CD8C9;
			productRefGroup = DDDCEFA72B1BD224007CD8C9 /* Products */;
			projectDirPath = "";
			projectRoot = "";
			targets = (
				DDDCEFA52B1BD224007CD8C9 /* Neobis_IOS_auth */,
			);
		};
/* End PBXProject section */

/* Begin PBXResourcesBuildPhase section */
		DDDCEFA42B1BD224007CD8C9 /* Resources */ = {
			isa = PBXResourcesBuildPhase;
			buildActionMask = 2147483647;
			files = (
				DDDCEFB62B1BD227007CD8C9 /* LaunchScreen.storyboard in Resources */,
				DDDCEFB32B1BD227007CD8C9 /* Assets.xcassets in Resources */,
				DDDCEFB12B1BD224007CD8C9 /* Main.storyboard in Resources */,
			);
			runOnlyForDeploymentPostprocessing = 0;
		};
/* End PBXResourcesBuildPhase section */

/* Begin PBXSourcesBuildPhase section */
		DDDCEFA22B1BD224007CD8C9 /* Sources */ = {
			isa = PBXSourcesBuildPhase;
			buildActionMask = 2147483647;
			files = (
				DDDCEFAE2B1BD224007CD8C9 /* ViewController.swift in Sources */,
				DDDCEFAA2B1BD224007CD8C9 /* AppDelegate.swift in Sources */,
				DDDCEFAC2B1BD224007CD8C9 /* SceneDelegate.swift in Sources */,
			);
			runOnlyForDeploymentPostprocessing = 0;
		};
/* End PBXSourcesBuildPhase section */

/* Begin PBXVariantGroup section */
		DDDCEFAF2B1BD224007CD8C9 /* Main.storyboard */ = {
			isa = PBXVariantGroup;
			children = (
				DDDCEFB02B1BD224007CD8C9 /* Base */,
			);
			name = Main.storyboard;
			sourceTree = "<group>";
		};
		DDDCEFB42B1BD227007CD8C9 /* LaunchScreen.storyboard */ = {
			isa = PBXVariantGroup;
			children = (
				DDDCEFB52B1BD227007CD8C9 /* Base */,
			);
			name = LaunchScreen.storyboard;
			sourceTree = "<group>";
		};
/* End PBXVariantGroup section */

/* Begin XCBuildConfiguration section */
		DDDCEFB82B1BD227007CD8C9 /* Debug */ = {
			isa = XCBuildConfiguration;
			buildSettings = {
				ALWAYS_SEARCH_USER_PATHS = NO;
				ASSETCATALOG_COMPILER_GENERATE_SWIFT_ASSET_SYMBOL_EXTENSIONS = YES;
				CLANG_ANALYZER_NONNULL = YES;
				CLANG_ANALYZER_NUMBER_OBJECT_CONVERSION = YES_AGGRESSIVE;
				CLANG_CXX_LANGUAGE_STANDARD = "gnu++20";
				CLANG_ENABLE_MODULES = YES;
				CLANG_ENABLE_OBJC_ARC = YES;
				CLANG_ENABLE_OBJC_WEAK = YES;
				CLANG_WARN_BLOCK_CAPTURE_AUTORELEASING = YES;
				CLANG_WARN_BOOL_CONVERSION = YES;
				CLANG_WARN_COMMA = YES;
				CLANG_WARN_CONSTANT_CONVERSION = YES;
				CLANG_WARN_DEPRECATED_OBJC_IMPLEMENTATIONS = YES;
				CLANG_WARN_DIRECT_OBJC_ISA_USAGE = YES_ERROR;
				CLANG_WARN_DOCUMENTATION_COMMENTS = YES;
				CLANG_WARN_EMPTY_BODY = YES;
				CLANG_WARN_ENUM_CONVERSION = YES;
				CLANG_WARN_INFINITE_RECURSION = YES;
				CLANG_WARN_INT_CONVERSION = YES;
				CLANG_WARN_NON_LITERAL_NULL_CONVERSION = YES;
				CLANG_WARN_OBJC_IMPLICIT_RETAIN_SELF = YES;
				CLANG_WARN_OBJC_LITERAL_CONVERSION = YES;
				CLANG_WARN_OBJC_ROOT_CLASS = YES_ERROR;
				CLANG_WARN_QUOTED_INCLUDE_IN_FRAMEWORK_HEADER = YES;
				CLANG_WARN_RANGE_LOOP_ANALYSIS = YES;
				CLANG_WARN_STRICT_PROTOTYPES = YES;
				CLANG_WARN_SUSPICIOUS_MOVE = YES;
				CLANG_WARN_UNGUARDED_AVAILABILITY = YES_AGGRESSIVE;
				CLANG_WARN_UNREACHABLE_CODE = YES;
				CLANG_WARN__DUPLICATE_METHOD_MATCH = YES;
				COPY_PHASE_STRIP = NO;
				DEBUG_INFORMATION_FORMAT = dwarf;
				ENABLE_STRICT_OBJC_MSGSEND = YES;
				ENABLE_TESTABILITY = YES;
				ENABLE_USER_SCRIPT_SANDBOXING = YES;
				GCC_C_LANGUAGE_STANDARD = gnu17;
				GCC_DYNAMIC_NO_PIC = NO;
				GCC_NO_COMMON_BLOCKS = YES;
				GCC_OPTIMIZATION_LEVEL = 0;
				GCC_PREPROCESSOR_DEFINITIONS = (
					"DEBUG=1",
					"$(inherited)",
				);
				GCC_WARN_64_TO_32_BIT_CONVERSION = YES;
				GCC_WARN_ABOUT_RETURN_TYPE = YES_ERROR;
				GCC_WARN_UNDECLARED_SELECTOR = YES;
				GCC_WARN_UNINITIALIZED_AUTOS = YES_AGGRESSIVE;
				GCC_WARN_UNUSED_FUNCTION = YES;
				GCC_WARN_UNUSED_VARIABLE = YES;
				IPHONEOS_DEPLOYMENT_TARGET = 17.0;
				LOCALIZATION_PREFERS_STRING_CATALOGS = YES;
				MTL_ENABLE_DEBUG_INFO = INCLUDE_SOURCE;
				MTL_FAST_MATH = YES;
				ONLY_ACTIVE_ARCH = YES;
				SDKROOT = iphoneos;
				SWIFT_ACTIVE_COMPILATION_CONDITIONS = "DEBUG $(inherited)";
				SWIFT_OPTIMIZATION_LEVEL = "-Onone";
			};
			name = Debug;
		};
		DDDCEFB92B1BD227007CD8C9 /* Release */ = {
			isa = XCBuildConfiguration;
			buildSettings = {
				ALWAYS_SEARCH_USER_PATHS = NO;
				ASSETCATALOG_COMPILER_GENERATE_SWIFT_ASSET_SYMBOL_EXTENSIONS = YES;
				CLANG_ANALYZER_NONNULL = YES;
				CLANG_ANALYZER_NUMBER_OBJECT_CONVERSION = YES_AGGRESSIVE;
				CLANG_CXX_LANGUAGE_STANDARD = "gnu++20";
				CLANG_ENABLE_MODULES = YES;
				CLANG_ENABLE_OBJC_ARC = YES;
				CLANG_ENABLE_OBJC_WEAK = YES;
				CLANG_WARN_BLOCK_CAPTURE_AUTORELEASING = YES;
				CLANG_WARN_BOOL_CONVERSION = YES;
				CLANG_WARN_COMMA = YES;
				CLANG_WARN_CONSTANT_CONVERSION = YES;
				CLANG_WARN_DEPRECATED_OBJC_IMPLEMENTATIONS = YES;
				CLANG_WARN_DIRECT_OBJC_ISA_USAGE = YES_ERROR;
				CLANG_WARN_DOCUMENTATION_COMMENTS = YES;
				CLANG_WARN_EMPTY_BODY = YES;
				CLANG_WARN_ENUM_CONVERSION = YES;
				CLANG_WARN_INFINITE_RECURSION = YES;
				CLANG_WARN_INT_CONVERSION = YES;
				CLANG_WARN_NON_LITERAL_NULL_CONVERSION = YES;
				CLANG_WARN_OBJC_IMPLICIT_RETAIN_SELF = YES;
				CLANG_WARN_OBJC_LITERAL_CONVERSION = YES;
				CLANG_WARN_OBJC_ROOT_CLASS = YES_ERROR;
				CLANG_WARN_QUOTED_INCLUDE_IN_FRAMEWORK_HEADER = YES;
				CLANG_WARN_RANGE_LOOP_ANALYSIS = YES;
				CLANG_WARN_STRICT_PROTOTYPES = YES;
				CLANG_WARN_SUSPICIOUS_MOVE = YES;
				CLANG_WARN_UNGUARDED_AVAILABILITY = YES_AGGRESSIVE;
				CLANG_WARN_UNREACHABLE_CODE = YES;
				CLANG_WARN__DUPLICATE_METHOD_MATCH = YES;
				COPY_PHASE_STRIP = NO;
				DEBUG_INFORMATION_FORMAT = "dwarf-with-dsym";
				ENABLE_NS_ASSERTIONS = NO;
				ENABLE_STRICT_OBJC_MSGSEND = YES;
				ENABLE_USER_SCRIPT_SANDBOXING = YES;
				GCC_C_LANGUAGE_STANDARD = gnu17;
				GCC_NO_COMMON_BLOCKS = YES;
				GCC_WARN_64_TO_32_BIT_CONVERSION = YES;
				GCC_WARN_ABOUT_RETURN_TYPE = YES_ERROR;
				GCC_WARN_UNDECLARED_SELECTOR = YES;
				GCC_WARN_UNINITIALIZED_AUTOS = YES_AGGRESSIVE;
				GCC_WARN_UNUSED_FUNCTION = YES;
				GCC_WARN_UNUSED_VARIABLE = YES;
				IPHONEOS_DEPLOYMENT_TARGET = 17.0;
				LOCALIZATION_PREFERS_STRING_CATALOGS = YES;
				MTL_ENABLE_DEBUG_INFO = NO;
				MTL_FAST_MATH = YES;
				SDKROOT = iphoneos;
				SWIFT_COMPILATION_MODE = wholemodule;
				VALIDATE_PRODUCT = YES;
			};
			name = Release;
		};
		DDDCEFBB2B1BD227007CD8C9 /* Debug */ = {
			isa = XCBuildConfiguration;
			buildSettings = {
				ASSETCATALOG_COMPILER_APPICON_NAME = AppIcon;
				ASSETCATALOG_COMPILER_GLOBAL_ACCENT_COLOR_NAME = AccentColor;
				CODE_SIGN_STYLE = Automatic;
				CURRENT_PROJECT_VERSION = 1;
				DEVELOPMENT_TEAM = H7BR8NTQAT;
				GENERATE_INFOPLIST_FILE = YES;
				INFOPLIST_FILE = Neobis_IOS_auth/Info.plist;
				INFOPLIST_KEY_UIApplicationSupportsIndirectInputEvents = YES;
				INFOPLIST_KEY_UILaunchStoryboardName = LaunchScreen;
				INFOPLIST_KEY_UIMainStoryboardFile = Main;
				INFOPLIST_KEY_UISupportedInterfaceOrientations_iPad = "UIInterfaceOrientationPortrait UIInterfaceOrientationPortraitUpsideDown UIInterfaceOrientationLandscapeLeft UIInterfaceOrientationLandscapeRight";
				INFOPLIST_KEY_UISupportedInterfaceOrientations_iPhone = "UIInterfaceOrientationPortrait UIInterfaceOrientationLandscapeLeft UIInterfaceOrientationLandscapeRight";
				LD_RUNPATH_SEARCH_PATHS = (
					"$(inherited)",
					"@executable_path/Frameworks",
				);
				MARKETING_VERSION = 1.0;
				PRODUCT_BUNDLE_IDENTIFIER = "burte.Neobis-IOS-auth";
				PRODUCT_NAME = "$(TARGET_NAME)";
				SWIFT_EMIT_LOC_STRINGS = YES;
				SWIFT_VERSION = 5.0;
				TARGETED_DEVICE_FAMILY = "1,2";
			};
			name = Debug;
		};
		DDDCEFBC2B1BD227007CD8C9 /* Release */ = {
			isa = XCBuildConfiguration;
			buildSettings = {
				ASSETCATALOG_COMPILER_APPICON_NAME = AppIcon;
				ASSETCATALOG_COMPILER_GLOBAL_ACCENT_COLOR_NAME = AccentColor;
				CODE_SIGN_STYLE = Automatic;
				CURRENT_PROJECT_VERSION = 1;
				DEVELOPMENT_TEAM = H7BR8NTQAT;
				GENERATE_INFOPLIST_FILE = YES;
				INFOPLIST_FILE = Neobis_IOS_auth/Info.plist;
				INFOPLIST_KEY_UIApplicationSupportsIndirectInputEvents = YES;
				INFOPLIST_KEY_UILaunchStoryboardName = LaunchScreen;
				INFOPLIST_KEY_UIMainStoryboardFile = Main;
				INFOPLIST_KEY_UISupportedInterfaceOrientations_iPad = "UIInterfaceOrientationPortrait UIInterfaceOrientationPortraitUpsideDown UIInterfaceOrientationLandscapeLeft UIInterfaceOrientationLandscapeRight";
				INFOPLIST_KEY_UISupportedInterfaceOrientations_iPhone = "UIInterfaceOrientationPortrait UIInterfaceOrientationLandscapeLeft UIInterfaceOrientationLandscapeRight";
				LD_RUNPATH_SEARCH_PATHS = (
					"$(inherited)",
					"@executable_path/Frameworks",
				);
				MARKETING_VERSION = 1.0;
				PRODUCT_BUNDLE_IDENTIFIER = "burte.Neobis-IOS-auth";
				PRODUCT_NAME = "$(TARGET_NAME)";
				SWIFT_EMIT_LOC_STRINGS = YES;
				SWIFT_VERSION = 5.0;
				TARGETED_DEVICE_FAMILY = "1,2";
			};
			name = Release;
		};
/* End XCBuildConfiguration section */

/* Begin XCConfigurationList section */
		DDDCEFA12B1BD224007CD8C9 /* Build configuration list for PBXProject "Neobis_IOS_auth" */ = {
			isa = XCConfigurationList;
			buildConfigurations = (
				DDDCEFB82B1BD227007CD8C9 /* Debug */,
				DDDCEFB92B1BD227007CD8C9 /* Release */,
			);
			defaultConfigurationIsVisible = 0;
			defaultConfigurationName = Release;
		};
		DDDCEFBA2B1BD227007CD8C9 /* Build configuration list for PBXNativeTarget "Neobis_IOS_auth" */ = {
			isa = XCConfigurationList;
			buildConfigurations = (
				DDDCEFBB2B1BD227007CD8C9 /* Debug */,
				DDDCEFBC2B1BD227007CD8C9 /* Release */,
			);
			defaultConfigurationIsVisible = 0;
			defaultConfigurationName = Release;
		};
/* End XCConfigurationList section */
	};
	rootObject = DDDCEF9E2B1BD224007CD8C9 /* Project object */;
}
